{
  "version": "5",
  "specifiers": {
    "jsr:@cliffy/command@^1.0.0-rc.7": "1.0.0",
    "jsr:@cliffy/flags@1.0.0": "1.0.0",
    "jsr:@cliffy/flags@1.0.0-rc.8": "1.0.0-rc.8",
    "jsr:@cliffy/internal@1.0.0": "1.0.0",
    "jsr:@cliffy/internal@1.0.0-rc.8": "1.0.0-rc.8",
    "jsr:@cliffy/table@1.0.0": "1.0.0",
    "jsr:@cliffy/table@1.0.0-rc.8": "1.0.0-rc.8",
    "jsr:@hono/hono@4": "4.12.7",
    "jsr:@hono/hono@^4.10.7": "4.12.7",
    "jsr:@simpesys/cli@*": "0.3.0",
    "jsr:@std/assert@^1.0.17": "1.0.19",
    "jsr:@std/assert@^1.0.19": "1.0.19",
    "jsr:@std/async@^1.1.0": "1.2.0",
    "jsr:@std/data-structures@^1.0.10": "1.0.10",
    "jsr:@std/encoding@^1.0.10": "1.0.10",
    "jsr:@std/expect@^1.0.17": "1.0.18",
    "jsr:@std/fmt@^1.0.9": "1.0.9",
    "jsr:@std/fmt@~1.0.2": "1.0.8",
    "jsr:@std/fs@1": "1.0.23",
    "jsr:@std/fs@^1.0.22": "1.0.23",
    "jsr:@std/internal@^1.0.12": "1.0.12",
    "jsr:@std/path@1": "1.1.4",
    "jsr:@std/path@^1.0.8": "1.1.4",
    "jsr:@std/path@^1.1.4": "1.1.4",
    "jsr:@std/semver@^1.0.8": "1.0.8",
    "jsr:@std/testing@^1.0.16": "1.0.17",
    "jsr:@std/text@^1.0.17": "1.0.17",
    "jsr:@std/text@~1.0.7": "1.0.16",
    "npm:@markslides/markdown-it-mermaid@~0.3.6": "0.3.7",
    "npm:@types/node@*": "24.2.0",
    "npm:dayjs@^1.11.13": "1.11.19",
    "npm:denque@^2.1.0": "2.1.0",
    "npm:es-toolkit@1": "1.45.1",
    "npm:es-toolkit@^1.43.0": "1.45.1",
    "npm:highlight.js@^11.11.1": "11.11.1",
    "npm:katex@~0.16.22": "0.16.38",
    "npm:markdown-it-anchor@^9.2.0": "9.2.0_@types+markdown-it@14.1.2_markdown-it@14.1.1",
    "npm:markdown-it-container@4": "4.0.0",
    "npm:markdown-it-emoji@3": "3.0.0",
    "npm:markdown-it-external-links@0.0.6": "0.0.6",
    "npm:markdown-it-footnote@4": "4.0.0",
    "npm:markdown-it-imsize@^2.0.1": "2.0.1",
    "npm:markdown-it-inline-comments@^1.0.1": "1.0.1",
    "npm:markdown-it-table-of-contents@0.8": "0.8.0",
    "npm:markdown-it-task-checkbox@^1.0.6": "1.0.6",
    "npm:markdown-it-texmath@1": "1.0.0",
    "npm:markdown-it@^14.1.0": "14.1.1",
    "npm:vscode-languageserver-protocol@3.17.5": "3.17.5",
    "npm:vscode-languageserver-textdocument@^1.0.12": "1.0.12",
    "npm:vscode-languageserver@9.0.1": "9.0.1",
    "npm:vscode-languageserver@^9.0.1": "9.0.1"
  },
  "jsr": {
    "@cliffy/command@1.0.0-rc.8": {
      "integrity": "758147790797c74a707e5294cc7285df665422a13d2a483437092ffce40b5557",
      "dependencies": [
        "jsr:@cliffy/flags@1.0.0-rc.8",
        "jsr:@cliffy/internal@1.0.0-rc.8",
        "jsr:@cliffy/table@1.0.0-rc.8",
        "jsr:@std/fmt@~1.0.2",
        "jsr:@std/text@~1.0.7"
      ]
    },
    "@cliffy/command@1.0.0": {
      "integrity": "c52a241ea68857fcdaff4f3173eb404f8017d7bc35553b6f533c592b89dde7d2",
      "dependencies": [
        "jsr:@cliffy/flags@1.0.0",
        "jsr:@cliffy/internal@1.0.0",
        "jsr:@cliffy/table@1.0.0",
        "jsr:@std/fmt@^1.0.9",
        "jsr:@std/semver",
        "jsr:@std/text@^1.0.17"
      ]
    },
    "@cliffy/flags@1.0.0-rc.8": {
      "integrity": "0f1043ce6ef037ba1cb5fe6b1bcecb25dc2f29371a1c17f278ab0f45e4b6f46c",
      "dependencies": [
        "jsr:@std/text@~1.0.7"
      ]
    },
    "@cliffy/flags@1.0.0": {
      "integrity": "8b57698adc644da8f90422d58976362d41a4ebca39c312ca1c101585d0148feb",
      "dependencies": [
        "jsr:@cliffy/internal@1.0.0",
        "jsr:@std/text@^1.0.17"
      ]
    },
    "@cliffy/internal@1.0.0-rc.8": {
      "integrity": "34cdf2fad9b084b5aed493b138d573f52d4e988767215f7460daf0b918ff43d8"
    },
    "@cliffy/internal@1.0.0": {
      "integrity": "1e17ccbcd5420093c0a93e5b3827bbdc9abac5195bacf187edc44665e54bdde6"
    },
    "@cliffy/table@1.0.0-rc.8": {
      "integrity": "8bbcdc2ba5e0061b4b13810a24e6f5c6ab19c09f0cce9eb691ccd76c7c6c9db5",
      "dependencies": [
        "jsr:@std/fmt@~1.0.2"
      ]
    },
    "@cliffy/table@1.0.0": {
      "integrity": "3fdaa9e1ef1ea62022108adabd826932bdea8dd05497079896febcd41322907f",
      "dependencies": [
        "jsr:@std/fmt@^1.0.9"
      ]
    },
    "@hono/hono@4.10.7": {
      "integrity": "b60512559d554f20a945e07a6c5f115e57cbd4c024da9217833c8e7b2c90355d"
    },
    "@hono/hono@4.10.8": {
      "integrity": "afdbfc8d3028faa79d0d23096265cb41863f7f49cbf8542959bbdffc4c71365a"
    },
    "@hono/hono@4.12.7": {
      "integrity": "d418c260eda1b1ad48bc0193b29ed1804c4fbee27cc92954c415f58743fd65e9"
    },
    "@simpesys/cli@0.3.0": {
      "integrity": "2774e81b3c93751e5ff8e858409bcbc684907ce5fbc2dd25f74001172a6f0219",
      "dependencies": [
        "jsr:@cliffy/command",
        "jsr:@std/fs@1",
        "jsr:@std/path@1"
      ]
    },
    "@std/assert@1.0.19": {
      "integrity": "eaada96ee120cb980bc47e040f82814d786fe8162ecc53c91d8df60b8755991e",
      "dependencies": [
        "jsr:@std/internal"
      ]
    },
    "@std/async@1.2.0": {
      "integrity": "c059c6f6d95ca7cc012ae8e8d7164d1697113d54b0b679e4372b354b11c2dee5"
    },
    "@std/data-structures@1.0.10": {
      "integrity": "f574f86b0e07c69b9edc555fcc814b57d29258bad39fd5a34ba8a80ecf033cfe"
    },
    "@std/encoding@1.0.10": {
      "integrity": "8783c6384a2d13abd5e9e87a7ae0520a30e9f56aeeaa3bdf910a3eaaf5c811a1"
    },
    "@std/expect@1.0.18": {
      "integrity": "8566eab35200466f8609eb7e7aed062ed0db314e9a258d5d201b1b8997ce801a",
      "dependencies": [
        "jsr:@std/assert@^1.0.19",
        "jsr:@std/internal",
        "jsr:@std/path@^1.1.4"
      ]
    },
    "@std/fmt@1.0.8": {
      "integrity": "71e1fc498787e4434d213647a6e43e794af4fd393ef8f52062246e06f7e372b7"
    },
    "@std/fmt@1.0.9": {
      "integrity": "2487343e8899fb2be5d0e3d35013e54477ada198854e52dd05ed0422eddcabe0"
    },
    "@std/fs@1.0.23": {
      "integrity": "3ecbae4ce4fee03b180fa710caff36bb5adb66631c46a6460aaad49515565a37",
      "dependencies": [
        "jsr:@std/internal",
        "jsr:@std/path@^1.1.4"
      ]
    },
    "@std/internal@1.0.12": {
      "integrity": "972a634fd5bc34b242024402972cd5143eac68d8dffaca5eaa4dba30ce17b027"
    },
    "@std/path@1.1.4": {
      "integrity": "1d2d43f39efb1b42f0b1882a25486647cb851481862dc7313390b2bb044314b5",
      "dependencies": [
        "jsr:@std/internal"
      ]
    },
    "@std/semver@1.0.8": {
      "integrity": "dc830e8b8b6a380c895d53fbfd1258dc253704ca57bbe1629ac65fd7830179b7"
    },
    "@std/testing@1.0.17": {
      "integrity": "87bdc2700fa98249d48a17cd72413352d3d3680dcfbdb64947fd0982d6bbf681",
      "dependencies": [
        "jsr:@std/assert@^1.0.17",
        "jsr:@std/async",
        "jsr:@std/data-structures",
        "jsr:@std/fs@^1.0.22",
        "jsr:@std/internal",
        "jsr:@std/path@^1.1.4"
      ]
    },
    "@std/text@1.0.16": {
      "integrity": "ddb9853b75119a2473857d691cf1ec02ad90793a2e8b4a4ac49d7354281a0cf8"
    },
    "@std/text@1.0.17": {
      "integrity": "4b2c4ef67ae5b6c1dfd447c81c83a43718f52e3c7e748d8b33f694aba9895f95"
    }
  },
  "npm": {
    "@antfu/install-pkg@1.1.0": {
      "integrity": "sha512-MGQsmw10ZyI+EJo45CdSER4zEb+p31LpDAFp2Z3gkSd1yqVZGi0Ebx++YTEMonJy4oChEMLsxZ64j8FH6sSqtQ==",
      "dependencies": [
        "package-manager-detector",
        "tinyexec"
      ]
    },
    "@braintree/sanitize-url@7.1.2": {
      "integrity": "sha512-jigsZK+sMF/cuiB7sERuo9V7N9jx+dhmHHnQyDSVdpZwVutaBu7WvNYqMDLSgFgfB30n452TP3vjDAvFC973mA=="
    },
    "@chevrotain/cst-dts-gen@11.1.2": {
      "integrity": "sha512-XTsjvDVB5nDZBQB8o0o/0ozNelQtn2KrUVteIHSlPd2VAV2utEb6JzyCJaJ8tGxACR4RiBNWy5uYUHX2eji88Q==",
      "dependencies": [
        "@chevrotain/gast",
        "@chevrotain/types",
        "lodash-es"
      ]
    },
    "@chevrotain/gast@11.1.2": {
      "integrity": "sha512-Z9zfXR5jNZb1Hlsd/p+4XWeUFugrHirq36bKzPWDSIacV+GPSVXdk+ahVWZTwjhNwofAWg/sZg58fyucKSQx5g==",
      "dependencies": [
        "@chevrotain/types",
        "lodash-es"
      ]
    },
    "@chevrotain/regexp-to-ast@11.1.2": {
      "integrity": "sha512-nMU3Uj8naWer7xpZTYJdxbAs6RIv/dxYzkYU8GSwgUtcAAlzjcPfX1w+RKRcYG8POlzMeayOQ/znfwxEGo5ulw=="
    },
    "@chevrotain/types@11.1.2": {
      "integrity": "sha512-U+HFai5+zmJCkK86QsaJtoITlboZHBqrVketcO2ROv865xfCMSFpELQoz1GkX5GzME8pTa+3kbKrZHQtI0gdbw=="
    },
    "@chevrotain/utils@11.1.2": {
      "integrity": "sha512-4mudFAQ6H+MqBTfqLmU7G1ZwRzCLfJEooL/fsF6rCX5eePMbGhoy5n4g+G4vlh2muDcsCTJtL+uKbOzWxs5LHA=="
    },
    "@iconify/types@2.0.0": {
      "integrity": "sha512-+wluvCrRhXrhyOmRDJ3q8mux9JkKy5SJ/v8ol2tu4FVjyYvtEzkc/3pK15ET6RKg4b4w4BmTk1+gsCUhf21Ykg=="
    },
    "@iconify/utils@3.1.0": {
      "integrity": "sha512-Zlzem1ZXhI1iHeeERabLNzBHdOa4VhQbqAcOQaMKuTuyZCpwKbC2R4Dd0Zo3g9EAc+Y4fiarO8HIHRAth7+skw==",
      "dependencies": [
        "@antfu/install-pkg",
        "@iconify/types",
        "mlly"
      ]
    },
    "@markslides/markdown-it-mermaid@0.3.7": {
      "integrity": "sha512-cK+m9Ym9BqdHF/nTXINUXMgBBbGG/l1jDK8gk791eU9mCMGWmDprSpm1fSbi83aICyCACo61YZ/PMjot6c9+iA==",
      "dependencies": [
        "mermaid"
      ]
    },
    "@mermaid-js/parser@1.0.1": {
      "integrity": "sha512-opmV19kN1JsK0T6HhhokHpcVkqKpF+x2pPDKKM2ThHtZAB5F4PROopk0amuVYK5qMrIA4erzpNm8gmPNJgMDxQ==",
      "dependencies": [
        "langium"
      ]
    },
    "@types/d3-array@3.2.2": {
      "integrity": "sha512-hOLWVbm7uRza0BYXpIIW5pxfrKe0W+D5lrFiAEYR+pb6w3N2SwSMaJbXdUfSEv+dT4MfHBLtn5js0LAWaO6otw=="
    },
    "@types/d3-axis@3.0.6": {
      "integrity": "sha512-pYeijfZuBd87T0hGn0FO1vQ/cgLk6E1ALJjfkC0oJ8cbwkZl3TpgS8bVBLZN+2jjGgg38epgxb2zmoGtSfvgMw==",
      "dependencies": [
        "@types/d3-selection"
      ]
    },
    "@types/d3-brush@3.0.6": {
      "integrity": "sha512-nH60IZNNxEcrh6L1ZSMNA28rj27ut/2ZmI3r96Zd+1jrZD++zD3LsMIjWlvg4AYrHn/Pqz4CF3veCxGjtbqt7A==",
      "dependencies": [
        "@types/d3-selection"
      ]
    },
    "@types/d3-chord@3.0.6": {
      "integrity": "sha512-LFYWWd8nwfwEmTZG9PfQxd17HbNPksHBiJHaKuY1XeqscXacsS2tyoo6OdRsjf+NQYeB6XrNL3a25E3gH69lcg=="
    },
    "@types/d3-color@3.1.3": {
      "integrity": "sha512-iO90scth9WAbmgv7ogoq57O9YpKmFBbmoEoCHDB2xMBY0+/KVrqAaCDyCE16dUspeOvIxFFRI+0sEtqDqy2b4A=="
    },
    "@types/d3-contour@3.0.6": {
      "integrity": "sha512-BjzLgXGnCWjUSYGfH1cpdo41/hgdWETu4YxpezoztawmqsvCeep+8QGfiY6YbDvfgHz/DkjeIkkZVJavB4a3rg==",
      "dependencies": [
        "@types/d3-array",
        "@types/geojson"
      ]
    },
    "@types/d3-delaunay@6.0.4": {
      "integrity": "sha512-ZMaSKu4THYCU6sV64Lhg6qjf1orxBthaC161plr5KuPHo3CNm8DTHiLw/5Eq2b6TsNP0W0iJrUOFscY6Q450Hw=="
    },
    "@types/d3-dispatch@3.0.7": {
      "integrity": "sha512-5o9OIAdKkhN1QItV2oqaE5KMIiXAvDWBDPrD85e58Qlz1c1kI/J0NcqbEG88CoTwJrYe7ntUCVfeUl2UJKbWgA=="
    },
    "@types/d3-drag@3.0.7": {
      "integrity": "sha512-HE3jVKlzU9AaMazNufooRJ5ZpWmLIoc90A37WU2JMmeq28w1FQqCZswHZ3xR+SuxYftzHq6WU6KJHvqxKzTxxQ==",
      "dependencies": [
        "@types/d3-selection"
      ]
    },
    "@types/d3-dsv@3.0.7": {
      "integrity": "sha512-n6QBF9/+XASqcKK6waudgL0pf/S5XHPPI8APyMLLUHd8NqouBGLsU8MgtO7NINGtPBtk9Kko/W4ea0oAspwh9g=="
    },
    "@types/d3-ease@3.0.2": {
      "integrity": "sha512-NcV1JjO5oDzoK26oMzbILE6HW7uVXOHLQvHshBUW4UMdZGfiY6v5BeQwh9a9tCzv+CeefZQHJt5SRgK154RtiA=="
    },
    "@types/d3-fetch@3.0.7": {
      "integrity": "sha512-fTAfNmxSb9SOWNB9IoG5c8Hg6R+AzUHDRlsXsDZsNp6sxAEOP0tkP3gKkNSO/qmHPoBFTxNrjDprVHDQDvo5aA==",
      "dependencies": [
        "@types/d3-dsv"
      ]
    },
    "@types/d3-force@3.0.10": {
      "integrity": "sha512-ZYeSaCF3p73RdOKcjj+swRlZfnYpK1EbaDiYICEEp5Q6sUiqFaFQ9qgoshp5CzIyyb/yD09kD9o2zEltCexlgw=="
    },
    "@types/d3-format@3.0.4": {
      "integrity": "sha512-fALi2aI6shfg7vM5KiR1wNJnZ7r6UuggVqtDA+xiEdPZQwy/trcQaHnwShLuLdta2rTymCNpxYTiMZX/e09F4g=="
    },
    "@types/d3-geo@3.1.0": {
      "integrity": "sha512-856sckF0oP/diXtS4jNsiQw/UuK5fQG8l/a9VVLeSouf1/PPbBE1i1W852zVwKwYCBkFJJB7nCFTbk6UMEXBOQ==",
      "dependencies": [
        "@types/geojson"
      ]
    },
    "@types/d3-hierarchy@3.1.7": {
      "integrity": "sha512-tJFtNoYBtRtkNysX1Xq4sxtjK8YgoWUNpIiUee0/jHGRwqvzYxkq0hGVbbOGSz+JgFxxRu4K8nb3YpG3CMARtg=="
    },
    "@types/d3-interpolate@3.0.4": {
      "integrity": "sha512-mgLPETlrpVV1YRJIglr4Ez47g7Yxjl1lj7YKsiMCb27VJH9W8NVM6Bb9d8kkpG/uAQS5AmbA48q2IAolKKo1MA==",
      "dependencies": [
        "@types/d3-color"
      ]
    },
    "@types/d3-path@3.1.1": {
      "integrity": "sha512-VMZBYyQvbGmWyWVea0EHs/BwLgxc+MKi1zLDCONksozI4YJMcTt8ZEuIR4Sb1MMTE8MMW49v0IwI5+b7RmfWlg=="
    },
    "@types/d3-polygon@3.0.2": {
      "integrity": "sha512-ZuWOtMaHCkN9xoeEMr1ubW2nGWsp4nIql+OPQRstu4ypeZ+zk3YKqQT0CXVe/PYqrKpZAi+J9mTs05TKwjXSRA=="
    },
    "@types/d3-quadtree@3.0.6": {
      "integrity": "sha512-oUzyO1/Zm6rsxKRHA1vH0NEDG58HrT5icx/azi9MF1TWdtttWl0UIUsjEQBBh+SIkrpd21ZjEv7ptxWys1ncsg=="
    },
    "@types/d3-random@3.0.3": {
      "integrity": "sha512-Imagg1vJ3y76Y2ea0871wpabqp613+8/r0mCLEBfdtqC7xMSfj9idOnmBYyMoULfHePJyxMAw3nWhJxzc+LFwQ=="
    },
    "@types/d3-scale-chromatic@3.1.0": {
      "integrity": "sha512-iWMJgwkK7yTRmWqRB5plb1kadXyQ5Sj8V/zYlFGMUBbIPKQScw+Dku9cAAMgJG+z5GYDoMjWGLVOvjghDEFnKQ=="
    },
    "@types/d3-scale@4.0.9": {
      "integrity": "sha512-dLmtwB8zkAeO/juAMfnV+sItKjlsw2lKdZVVy6LRr0cBmegxSABiLEpGVmSJJ8O08i4+sGR6qQtb6WtuwJdvVw==",
      "dependencies": [
        "@types/d3-time"
      ]
    },
    "@types/d3-selection@3.0.11": {
      "integrity": "sha512-bhAXu23DJWsrI45xafYpkQ4NtcKMwWnAC/vKrd2l+nxMFuvOT3XMYTIj2opv8vq8AO5Yh7Qac/nSeP/3zjTK0w=="
    },
    "@types/d3-shape@3.1.8": {
      "integrity": "sha512-lae0iWfcDeR7qt7rA88BNiqdvPS5pFVPpo5OfjElwNaT2yyekbM0C9vK+yqBqEmHr6lDkRnYNoTBYlAgJa7a4w==",
      "dependencies": [
        "@types/d3-path"
      ]
    },
    "@types/d3-time-format@4.0.3": {
      "integrity": "sha512-5xg9rC+wWL8kdDj153qZcsJ0FWiFt0J5RB6LYUNZjwSnesfblqrI/bJ1wBdJ8OQfncgbJG5+2F+qfqnqyzYxyg=="
    },
    "@types/d3-time@3.0.4": {
      "integrity": "sha512-yuzZug1nkAAaBlBBikKZTgzCeA+k1uy4ZFwWANOfKw5z5LRhV0gNA7gNkKm7HoK+HRN0wX3EkxGk0fpbWhmB7g=="
    },
    "@types/d3-timer@3.0.2": {
      "integrity": "sha512-Ps3T8E8dZDam6fUyNiMkekK3XUsaUEik+idO9/YjPtfj2qruF8tFBXS7XhtE4iIXBLxhmLjP3SXpLhVf21I9Lw=="
    },
    "@types/d3-transition@3.0.9": {
      "integrity": "sha512-uZS5shfxzO3rGlu0cC3bjmMFKsXv+SmZZcgp0KD22ts4uGXp5EVYGzu/0YdwZeKmddhcAccYtREJKkPfXkZuCg==",
      "dependencies": [
        "@types/d3-selection"
      ]
    },
    "@types/d3-zoom@3.0.8": {
      "integrity": "sha512-iqMC4/YlFCSlO8+2Ii1GGGliCAY4XdeG748w5vQUbevlbDu0zSjH/+jojorQVBK/se0j6DUFNPBGSqD3YWYnDw==",
      "dependencies": [
        "@types/d3-interpolate",
        "@types/d3-selection"
      ]
    },
    "@types/d3@7.4.3": {
      "integrity": "sha512-lZXZ9ckh5R8uiFVt8ogUNf+pIrK4EsWrx2Np75WvF/eTpJ0FMHNhjXk8CKEx/+gpHbNQyJWehbFaTvqmHWB3ww==",
      "dependencies": [
        "@types/d3-array",
        "@types/d3-axis",
        "@types/d3-brush",
        "@types/d3-chord",
        "@types/d3-color",
        "@types/d3-contour",
        "@types/d3-delaunay",
        "@types/d3-dispatch",
        "@types/d3-drag",
        "@types/d3-dsv",
        "@types/d3-ease",
        "@types/d3-fetch",
        "@types/d3-force",
        "@types/d3-format",
        "@types/d3-geo",
        "@types/d3-hierarchy",
        "@types/d3-interpolate",
        "@types/d3-path",
        "@types/d3-polygon",
        "@types/d3-quadtree",
        "@types/d3-random",
        "@types/d3-scale",
        "@types/d3-scale-chromatic",
        "@types/d3-selection",
        "@types/d3-shape",
        "@types/d3-time",
        "@types/d3-time-format",
        "@types/d3-timer",
        "@types/d3-transition",
        "@types/d3-zoom"
      ]
    },
    "@types/geojson@7946.0.16": {
      "integrity": "sha512-6C8nqWur3j98U6+lXDfTUWIfgvZU+EumvpHKcYjujKH7woYyLj2sUmff0tRhrqM7BohUw7Pz3ZB1jj2gW9Fvmg=="
    },
    "@types/linkify-it@5.0.0": {
      "integrity": "sha512-sVDA58zAw4eWAffKOaQH5/5j3XeayukzDk+ewSsnv3p4yJEZHCCzMDiZM8e0OUrRvmpGZ85jf4yDHkHsgBNr9Q=="
    },
    "@types/markdown-it@14.1.2": {
      "integrity": "sha512-promo4eFwuiW+TfGxhi+0x3czqTYJkG8qB17ZUJiVF10Xm7NLVRSLUsfRTU/6h1e24VvRnXCx+hG7li58lkzog==",
      "dependencies": [
        "@types/linkify-it",
        "@types/mdurl"
      ]
    },
    "@types/mdurl@2.0.0": {
      "integrity": "sha512-RGdgjQUZba5p6QEFAVx2OGb8rQDL/cPRG7GiedRzMcJ1tYnUANBncjbSB1NRGwbvjcPeikRABz2nshyPk1bhWg=="
    },
    "@types/node@24.2.0": {
      "integrity": "sha512-3xyG3pMCq3oYCNg7/ZP+E1ooTaGB4cG8JWRsqqOYQdbWNY4zbaV0Ennrd7stjiJEFZCaybcIgpTjJWHRfBSIDw==",
      "dependencies": [
        "undici-types"
      ]
    },
    "@types/trusted-types@2.0.7": {
      "integrity": "sha512-ScaPdn1dQczgbl0QFTeTOmVHFULt394XJgOQNoyVhZ6r2vLnMLJfBPd53SB52T/3G36VI1/g2MZaX0cwDuXsfw=="
    },
    "@upsetjs/venn.js@2.0.0_d3-selection@3.0.0": {
      "integrity": "sha512-WbBhLrooyePuQ1VZxrJjtLvTc4NVfpOyKx0sKqioq9bX1C1m7Jgykkn8gLrtwumBioXIqam8DLxp88Adbue6Hw==",
      "optionalDependencies": [
        "d3-selection",
        "d3-transition"
      ]
    },
    "acorn@8.16.0": {
      "integrity": "sha512-UVJyE9MttOsBQIDKw1skb9nAwQuR5wuGD3+82K6JgJlm/Y+KI92oNsMNGZCYdDsVtRHSak0pcV5Dno5+4jh9sw==",
      "bin": true
    },
    "argparse@2.0.1": {
      "integrity": "sha512-8+9WqebbFzpX9OR+Wa6O29asIogeRMzcGtAINdpMHHyAg10f05aSFVBbcEqGf/PXw1EjAZ+q2/bEBg3DvurK3Q=="
    },
    "chevrotain-allstar@0.3.1_chevrotain@11.1.2": {
      "integrity": "sha512-b7g+y9A0v4mxCW1qUhf3BSVPg+/NvGErk/dOkrDaHA0nQIQGAtrOjlX//9OQtRlSCy+x9rfB5N8yC71lH1nvMw==",
      "dependencies": [
        "chevrotain",
        "lodash-es"
      ]
    },
    "chevrotain@11.1.2": {
      "integrity": "sha512-opLQzEVriiH1uUQ4Kctsd49bRoFDXGGSC4GUqj7pGyxM3RehRhvTlZJc1FL/Flew2p5uwxa1tUDWKzI4wNM8pg==",
      "dependencies": [
        "@chevrotain/cst-dts-gen",
        "@chevrotain/gast",
        "@chevrotain/regexp-to-ast",
        "@chevrotain/types",
        "@chevrotain/utils",
        "lodash-es"
      ]
    },
    "commander@7.2.0": {
      "integrity": "sha512-QrWXB+ZQSVPmIWIhtEO9H+gwHaMGYiF5ChvoJ+K9ZGHG/sVsa6yiesAD1GC/x46sET00Xlwo1u49RVVVzvcSkw=="
    },
    "commander@8.3.0": {
      "integrity": "sha512-OkTL9umf+He2DZkUq8f8J9of7yL6RJKI24dVITBmNfZBmri9zYZQrKkuXiKhyfPSu8tUhnVBB1iKXevvnlR4Ww=="
    },
    "confbox@0.1.8": {
      "integrity": "sha512-RMtmw0iFkeR4YV+fUOSucriAQNb9g8zFR52MWCtl+cCZOFRNL6zeB395vPzFhEjjn4fMxXudmELnl/KF/WrK6w=="
    },
    "cose-base@1.0.3": {
      "integrity": "sha512-s9whTXInMSgAp/NVXVNuVxVKzGH2qck3aQlVHxDCdAEPgtMKwc4Wq6/QKhgdEdgbLSi9rBTAcPoRa6JpiG4ksg==",
      "dependencies": [
        "layout-base@1.0.2"
      ]
    },
    "cose-base@2.2.0": {
      "integrity": "sha512-AzlgcsCbUMymkADOJtQm3wO9S3ltPfYOFD5033keQn9NJzIbtnZj+UdBJe7DYml/8TdbtHJW3j58SOnKhWY/5g==",
      "dependencies": [
        "layout-base@2.0.1"
      ]
    },
    "cytoscape-cose-bilkent@4.1.0_cytoscape@3.33.1": {
      "integrity": "sha512-wgQlVIUJF13Quxiv5e1gstZ08rnZj2XaLHGoFMYXz7SkNfCDOOteKBE6SYRfA9WxxI/iBc3ajfDoc6hb/MRAHQ==",
      "dependencies": [
        "cose-base@1.0.3",
        "cytoscape"
      ]
    },
    "cytoscape-fcose@2.2.0_cytoscape@3.33.1": {
      "integrity": "sha512-ki1/VuRIHFCzxWNrsshHYPs6L7TvLu3DL+TyIGEsRcvVERmxokbf5Gdk7mFxZnTdiGtnA4cfSmjZJMviqSuZrQ==",
      "dependencies": [
        "cose-base@2.2.0",
        "cytoscape"
      ]
    },
    "cytoscape@3.33.1": {
      "integrity": "sha512-iJc4TwyANnOGR1OmWhsS9ayRS3s+XQ185FmuHObThD+5AeJCakAAbWv8KimMTt08xCCLNgneQwFp+JRJOr9qGQ=="
    },
    "d3-array@2.12.1": {
      "integrity": "sha512-B0ErZK/66mHtEsR1TkPEEkwdy+WDesimkM5gpZr5Dsg54BiTA5RXtYW5qTLIAcekaS9xfZrzBLF/OAkB3Qn1YQ==",
      "dependencies": [
        "internmap"
      ]
    },
    "d3-array@3.2.4": {
      "integrity": "sha512-tdQAmyA18i4J7wprpYq8ClcxZy3SC31QMeByyCFyRt7BVHdREQZ5lpzoe5mFEYZUWe+oq8HBvk9JjpibyEV4Jg==",
      "dependencies": [
        "internmap"
      ]
    },
    "d3-axis@3.0.0": {
      "integrity": "sha512-IH5tgjV4jE/GhHkRV0HiVYPDtvfjHQlQfJHs0usq7M30XcSBvOotpmH1IgkcXsO/5gEQZD43B//fc7SRT5S+xw=="
    },
    "d3-brush@3.0.0_d3-selection@3.0.0": {
      "integrity": "sha512-ALnjWlVYkXsVIGlOsuWH1+3udkYFI48Ljihfnh8FZPF2QS9o+PzGLBslO0PjzVoHLZ2KCVgAM8NVkXPJB2aNnQ==",
      "dependencies": [
        "d3-dispatch",
        "d3-drag",
        "d3-interpolate",
        "d3-selection",
        "d3-transition"
      ]
    },
    "d3-chord@3.0.1": {
      "integrity": "sha512-VE5S6TNa+j8msksl7HwjxMHDM2yNK3XCkusIlpX5kwauBfXuyLAtNg9jCp/iHH61tgI4sb6R/EIMWCqEIdjT/g==",
      "dependencies": [
        "d3-path@3.1.0"
      ]
    },
    "d3-color@3.1.0": {
      "integrity": "sha512-zg/chbXyeBtMQ1LbD/WSoW2DpC3I0mpmPdW+ynRTj/x2DAWYrIY7qeZIHidozwV24m4iavr15lNwIwLxRmOxhA=="
    },
    "d3-contour@4.0.2": {
      "integrity": "sha512-4EzFTRIikzs47RGmdxbeUvLWtGedDUNkTcmzoeyg4sP/dvCexO47AaQL7VKy/gul85TOxw+IBgA8US2xwbToNA==",
      "dependencies": [
        "d3-array@3.2.4"
      ]
    },
    "d3-delaunay@6.0.4": {
      "integrity": "sha512-mdjtIZ1XLAM8bm/hx3WwjfHt6Sggek7qH043O8KEjDXN40xi3vx/6pYSVTwLjEgiXQTbvaouWKynLBiUZ6SK6A==",
      "dependencies": [
        "delaunator"
      ]
    },
    "d3-dispatch@3.0.1": {
      "integrity": "sha512-rzUyPU/S7rwUflMyLc1ETDeBj0NRuHKKAcvukozwhshr6g6c5d8zh4c2gQjY2bZ0dXeGLWc1PF174P2tVvKhfg=="
    },
    "d3-drag@3.0.0": {
      "integrity": "sha512-pWbUJLdETVA8lQNJecMxoXfH6x+mO2UQo8rSmZ+QqxcbyA3hfeprFgIT//HW2nlHChWeIIMwS2Fq+gEARkhTkg==",
      "dependencies": [
        "d3-dispatch",
        "d3-selection"
      ]
    },
    "d3-dsv@3.0.1": {
      "integrity": "sha512-UG6OvdI5afDIFP9w4G0mNq50dSOsXHJaRE8arAS5o9ApWnIElp8GZw1Dun8vP8OyHOZ/QJUKUJwxiiCCnUwm+Q==",
      "dependencies": [
        "commander@7.2.0",
        "iconv-lite",
        "rw"
      ],
      "bin": true
    },
    "d3-ease@3.0.1": {
      "integrity": "sha512-wR/XK3D3XcLIZwpbvQwQ5fK+8Ykds1ip7A2Txe0yxncXSdq1L9skcG7blcedkOX+ZcgxGAmLX1FrRGbADwzi0w=="
    },
    "d3-fetch@3.0.1": {
      "integrity": "sha512-kpkQIM20n3oLVBKGg6oHrUchHM3xODkTzjMoj7aWQFq5QEM+R6E4WkzT5+tojDY7yjez8KgCBRoj4aEr99Fdqw==",
      "dependencies": [
        "d3-dsv"
      ]
    },
    "d3-force@3.0.0": {
      "integrity": "sha512-zxV/SsA+U4yte8051P4ECydjD/S+qeYtnaIyAs9tgHCqfguma/aAQDjo85A9Z6EKhBirHRJHXIgJUlffT4wdLg==",
      "dependencies": [
        "d3-dispatch",
        "d3-quadtree",
        "d3-timer"
      ]
    },
    "d3-format@3.1.2": {
      "integrity": "sha512-AJDdYOdnyRDV5b6ArilzCPPwc1ejkHcoyFarqlPqT7zRYjhavcT3uSrqcMvsgh2CgoPbK3RCwyHaVyxYcP2Arg=="
    },
    "d3-geo@3.1.1": {
      "integrity": "sha512-637ln3gXKXOwhalDzinUgY83KzNWZRKbYubaG+fGVuc/dxO64RRljtCTnf5ecMyE1RIdtqpkVcq0IbtU2S8j2Q==",
      "dependencies": [
        "d3-array@3.2.4"
      ]
    },
    "d3-hierarchy@3.1.2": {
      "integrity": "sha512-FX/9frcub54beBdugHjDCdikxThEqjnR93Qt7PvQTOHxyiNCAlvMrHhclk3cD5VeAaq9fxmfRp+CnWw9rEMBuA=="
    },
    "d3-interpolate@3.0.1": {
      "integrity": "sha512-3bYs1rOD33uo8aqJfKP3JWPAibgw8Zm2+L9vBKEHJ2Rg+viTR7o5Mmv5mZcieN+FRYaAOWX5SJATX6k1PWz72g==",
      "dependencies": [
        "d3-color"
      ]
    },
    "d3-path@1.0.9": {
      "integrity": "sha512-VLaYcn81dtHVTjEHd8B+pbe9yHWpXKZUC87PzoFmsFrJqgFwDe/qxfp5MlfsfM1V5E/iVt0MmEbWQ7FVIXh/bg=="
    },
    "d3-path@3.1.0": {
      "integrity": "sha512-p3KP5HCf/bvjBSSKuXid6Zqijx7wIfNW+J/maPs+iwR35at5JCbLUT0LzF1cnjbCHWhqzQTIN2Jpe8pRebIEFQ=="
    },
    "d3-polygon@3.0.1": {
      "integrity": "sha512-3vbA7vXYwfe1SYhED++fPUQlWSYTTGmFmQiany/gdbiWgU/iEyQzyymwL9SkJjFFuCS4902BSzewVGsHHmHtXg=="
    },
    "d3-quadtree@3.0.1": {
      "integrity": "sha512-04xDrxQTDTCFwP5H6hRhsRcb9xxv2RzkcsygFzmkSIOJy3PeRJP7sNk3VRIbKXcog561P9oU0/rVH6vDROAgUw=="
    },
    "d3-random@3.0.1": {
      "integrity": "sha512-FXMe9GfxTxqd5D6jFsQ+DJ8BJS4E/fT5mqqdjovykEB2oFbTMDVdg1MGFxfQW+FBOGoB++k8swBrgwSHT1cUXQ=="
    },
    "d3-sankey@0.12.3": {
      "integrity": "sha512-nQhsBRmM19Ax5xEIPLMY9ZmJ/cDvd1BG3UVvt5h3WRxKg5zGRbvnteTyWAbzeSvlh3tW7ZEmq4VwR5mB3tutmQ==",
      "dependencies": [
        "d3-array@2.12.1",
        "d3-shape@1.3.7"
      ]
    },
    "d3-scale-chromatic@3.1.0": {
      "integrity": "sha512-A3s5PWiZ9YCXFye1o246KoscMWqf8BsD9eRiJ3He7C9OBaxKhAd5TFCdEx/7VbKtxxTsu//1mMJFrEt572cEyQ==",
      "dependencies": [
        "d3-color",
        "d3-interpolate"
      ]
    },
    "d3-scale@4.0.2": {
      "integrity": "sha512-GZW464g1SH7ag3Y7hXjf8RoUuAFIqklOAq3MRl4OaWabTFJY9PN/E1YklhXLh+OQ3fM9yS2nOkCoS+WLZ6kvxQ==",
      "dependencies": [
        "d3-array@3.2.4",
        "d3-format",
        "d3-interpolate",
        "d3-time",
        "d3-time-format"
      ]
    },
    "d3-selection@3.0.0": {
      "integrity": "sha512-fmTRWbNMmsmWq6xJV8D19U/gw/bwrHfNXxrIN+HfZgnzqTHp9jOmKMhsTUjXOJnZOdZY9Q28y4yebKzqDKlxlQ=="
    },
    "d3-shape@1.3.7": {
      "integrity": "sha512-EUkvKjqPFUAZyOlhY5gzCxCeI0Aep04LwIRpsZ/mLFelJiUfnK56jo5JMDSE7yyP2kLSb6LtF+S5chMk7uqPqw==",
      "dependencies": [
        "d3-path@1.0.9"
      ]
    },
    "d3-shape@3.2.0": {
      "integrity": "sha512-SaLBuwGm3MOViRq2ABk3eLoxwZELpH6zhl3FbAoJ7Vm1gofKx6El1Ib5z23NUEhF9AsGl7y+dzLe5Cw2AArGTA==",
      "dependencies": [
        "d3-path@3.1.0"
      ]
    },
    "d3-time-format@4.1.0": {
      "integrity": "sha512-dJxPBlzC7NugB2PDLwo9Q8JiTR3M3e4/XANkreKSUxF8vvXKqm1Yfq4Q5dl8budlunRVlUUaDUgFt7eA8D6NLg==",
      "dependencies": [
        "d3-time"
      ]
    },
    "d3-time@3.1.0": {
      "integrity": "sha512-VqKjzBLejbSMT4IgbmVgDjpkYrNWUYJnbCGo874u7MMKIWsILRX+OpX/gTk8MqjpT1A/c6HY2dCA77ZN0lkQ2Q==",
      "dependencies": [
        "d3-array@3.2.4"
      ]
    },
    "d3-timer@3.0.1": {
      "integrity": "sha512-ndfJ/JxxMd3nw31uyKoY2naivF+r29V+Lc0svZxe1JvvIRmi8hUsrMvdOwgS1o6uBHmiz91geQ0ylPP0aj1VUA=="
    },
    "d3-transition@3.0.1_d3-selection@3.0.0": {
      "integrity": "sha512-ApKvfjsSR6tg06xrL434C0WydLr7JewBB3V+/39RMHsaXTOG0zmt/OAXeng5M5LBm0ojmxJrpomQVZ1aPvBL4w==",
      "dependencies": [
        "d3-color",
        "d3-dispatch",
        "d3-ease",
        "d3-interpolate",
        "d3-selection",
        "d3-timer"
      ]
    },
    "d3-zoom@3.0.0_d3-selection@3.0.0": {
      "integrity": "sha512-b8AmV3kfQaqWAuacbPuNbL6vahnOJflOhexLzMMNLga62+/nh0JzvJ0aO/5a5MVgUFGS7Hu1P9P03o3fJkDCyw==",
      "dependencies": [
        "d3-dispatch",
        "d3-drag",
        "d3-interpolate",
        "d3-selection",
        "d3-transition"
      ]
    },
    "d3@7.9.0_d3-selection@3.0.0": {
      "integrity": "sha512-e1U46jVP+w7Iut8Jt8ri1YsPOvFpg46k+K8TpCb0P+zjCkjkPnV7WzfDJzMHy1LnA+wj5pLT1wjO901gLXeEhA==",
      "dependencies": [
        "d3-array@3.2.4",
        "d3-axis",
        "d3-brush",
        "d3-chord",
        "d3-color",
        "d3-contour",
        "d3-delaunay",
        "d3-dispatch",
        "d3-drag",
        "d3-dsv",
        "d3-ease",
        "d3-fetch",
        "d3-force",
        "d3-format",
        "d3-geo",
        "d3-hierarchy",
        "d3-interpolate",
        "d3-path@3.1.0",
        "d3-polygon",
        "d3-quadtree",
        "d3-random",
        "d3-scale",
        "d3-scale-chromatic",
        "d3-selection",
        "d3-shape@3.2.0",
        "d3-time",
        "d3-time-format",
        "d3-timer",
        "d3-transition",
        "d3-zoom"
      ]
    },
    "dagre-d3-es@7.0.14": {
      "integrity": "sha512-P4rFMVq9ESWqmOgK+dlXvOtLwYg0i7u0HBGJER0LZDJT2VHIPAMZ/riPxqJceWMStH5+E61QxFra9kIS3AqdMg==",
      "dependencies": [
        "d3",
        "lodash-es"
      ]
    },
    "dayjs@1.11.19": {
      "integrity": "sha512-t5EcLVS6QPBNqM2z8fakk/NKel+Xzshgt8FFKAn+qwlD1pzZWxh0nVCrvFK7ZDb6XucZeF9z8C7CBWTRIVApAw=="
    },
    "delaunator@5.0.1": {
      "integrity": "sha512-8nvh+XBe96aCESrGOqMp/84b13H9cdKbG5P2ejQCh4d4sK9RL4371qou9drQjMhvnPmhWl5hnmqbEE0fXr9Xnw==",
      "dependencies": [
        "robust-predicates"
      ]
    },
    "denque@2.1.0": {
      "integrity": "sha512-HVQE3AAb/pxF8fQAoiqpvg9i3evqug3hoiwakOyZAwJm+6vZehbkYXZ0l4JxS+I3QxM97v5aaRNhj8v5oBhekw=="
    },
    "dompurify@3.3.3": {
      "integrity": "sha512-Oj6pzI2+RqBfFG+qOaOLbFXLQ90ARpcGG6UePL82bJLtdsa6CYJD7nmiU8MW9nQNOtCHV3lZ/Bzq1X0QYbBZCA==",
      "optionalDependencies": [
        "@types/trusted-types"
      ]
    },
    "entities@4.5.0": {
      "integrity": "sha512-V0hjH4dGPh9Ao5p0MoRY6BVqtwCjhz6vI5LT8AJ55H+4g9/4vbHx1I54fS0XuclLhDHArPQCiMjDxjaL8fPxhw=="
    },
    "es-toolkit@1.45.1": {
      "integrity": "sha512-/jhoOj/Fx+A+IIyDNOvO3TItGmlMKhtX8ISAHKE90c4b/k1tqaqEZ+uUqfpU8DMnW5cgNJv606zS55jGvza0Xw=="
    },
    "hachure-fill@0.5.2": {
      "integrity": "sha512-3GKBOn+m2LX9iq+JC1064cSFprJY4jL1jCXTcpnfER5HYE2l/4EfWSGzkPa/ZDBmYI0ZOEj5VHV/eKnPGkHuOg=="
    },
    "highlight.js@11.11.1": {
      "integrity": "sha512-Xwwo44whKBVCYoliBQwaPvtd/2tYFkRQtXDWj1nackaV2JPXx3L0+Jvd8/qCJ2p+ML0/XVkJ2q+Mr+UVdpJK5w=="
    },
    "iconv-lite@0.6.3": {
      "integrity": "sha512-4fCk79wshMdzMp2rH06qWrJE4iolqLhCUH+OiuIgU++RB0+94NlDL81atO7GX55uUKueo0txHNtvEyI6D7WdMw==",
      "dependencies": [
        "safer-buffer"
      ]
    },
    "internmap@1.0.1": {
      "integrity": "sha512-lDB5YccMydFBtasVtxnZ3MRBHuaoE8GKsppq+EchKL2U4nK/DmEpPHNH8MZe5HkMtpSiTSOZwfN0tzYjO/lJEw=="
    },
    "katex@0.16.38": {
      "integrity": "sha512-cjHooZUmIAUmDsHBN+1n8LaZdpmbj03LtYeYPyuYB7OuloiaeaV6N4LcfjcnHVzGWjVQmKrxxTrpDcmSzEZQwQ==",
      "dependencies": [
        "commander@8.3.0"
      ],
      "bin": true
    },
    "khroma@2.1.0": {
      "integrity": "sha512-Ls993zuzfayK269Svk9hzpeGUKob/sIgZzyHYdjQoAdQetRKpOLj+k/QQQ/6Qi0Yz65mlROrfd+Ev+1+7dz9Kw=="
    },
    "langium@4.2.1_chevrotain@11.1.2": {
      "integrity": "sha512-zu9QWmjpzJcomzdJQAHgDVhLGq5bLosVak1KVa40NzQHXfqr4eAHupvnPOVXEoLkg6Ocefvf/93d//SB7du4YQ==",
      "dependencies": [
        "chevrotain",
        "chevrotain-allstar",
        "vscode-languageserver",
        "vscode-languageserver-textdocument",
        "vscode-uri"
      ]
    },
    "layout-base@1.0.2": {
      "integrity": "sha512-8h2oVEZNktL4BH2JCOI90iD1yXwL6iNW7KcCKT2QZgQJR2vbqDsldCTPRU9NifTCqHZci57XvQQ15YTu+sTYPg=="
    },
    "layout-base@2.0.1": {
      "integrity": "sha512-dp3s92+uNI1hWIpPGH3jK2kxE2lMjdXdr+DH8ynZHpd6PUlH6x6cbuXnoMmiNumznqaNO31xu9e79F0uuZ0JFg=="
    },
    "linkify-it@5.0.0": {
      "integrity": "sha512-5aHCbzQRADcdP+ATqnDuhhJ/MRIqDkZX5pyjFHRRysS8vZ5AbqGEoFIb6pYHPZ+L/OC2Lc+xT8uHVVR5CAK/wQ==",
      "dependencies": [
        "uc.micro"
      ]
    },
    "lodash-es@4.17.23": {
      "integrity": "sha512-kVI48u3PZr38HdYz98UmfPnXl2DXrpdctLrFLCd3kOx1xUkOmpFPx7gCWWM5MPkL/fD8zb+Ph0QzjGFs4+hHWg=="
    },
    "markdown-it-anchor@9.2.0_@types+markdown-it@14.1.2_markdown-it@14.1.1": {
      "integrity": "sha512-sa2ErMQ6kKOA4l31gLGYliFQrMKkqSO0ZJgGhDHKijPf0pNFM9vghjAh3gn26pS4JDRs7Iwa9S36gxm3vgZTzg==",
      "dependencies": [
        "@types/markdown-it",
        "markdown-it"
      ]
    },
    "markdown-it-container@4.0.0": {
      "integrity": "sha512-HaNccxUH0l7BNGYbFbjmGpf5aLHAMTinqRZQAEQbMr2cdD3z91Q6kIo1oUn1CQndkT03jat6ckrdRYuwwqLlQw=="
    },
    "markdown-it-emoji@3.0.0": {
      "integrity": "sha512-+rUD93bXHubA4arpEZO3q80so0qgoFJEKRkRbjKX8RTdca89v2kfyF+xR3i2sQTwql9tpPZPOQN5B+PunspXRg=="
    },
    "markdown-it-external-links@0.0.6": {
      "integrity": "sha512-b0fsXGsf0higb7DEthr8ZKYErRB4ftIw1iklUZz0iN3leZxIZMEiFspfFdKrzpfblleZMnitz6ETTDgphjCSuA=="
    },
    "markdown-it-footnote@4.0.0": {
      "integrity": "sha512-WYJ7urf+khJYl3DqofQpYfEYkZKbmXmwxQV8c8mO/hGIhgZ1wOe7R4HLFNwqx7TjILbnC98fuyeSsin19JdFcQ=="
    },
    "markdown-it-imsize@2.0.1": {
      "integrity": "sha512-5SH90ademqcR8ifQCBXRCfIR4HGfZZOh5pO0j2TglulfSQH+SBXM4Iw/QlTUbSoUwVZArCYgECoMvktDS2kP3w=="
    },
    "markdown-it-inline-comments@1.0.1": {
      "integrity": "sha512-gObNM3NumcpsU66pO2LmV8MGBfdfFp7TcYME9iuUGs82+JYJWMmBQtAj6/qho4OhKqpR0UX2JTkuuA2HPgHUtQ=="
    },
    "markdown-it-table-of-contents@0.8.0": {
      "integrity": "sha512-ihgUROZLw4ZsojxXrNZJP+VxYL4yTino51TP7eVYccEwgsYGC6CNXxv5G5JI89NhUb52wiRaMhEtWpiMAeRirA=="
    },
    "markdown-it-task-checkbox@1.0.6": {
      "integrity": "sha512-7pxkHuvqTOu3iwVGmDPeYjQg+AIS9VQxzyLP9JCg9lBjgPAJXGEkChK6A2iFuj3tS0GV3HG2u5AMNhcQqwxpJw=="
    },
    "markdown-it-texmath@1.0.0": {
      "integrity": "sha512-4hhkiX8/gus+6e53PLCUmUrsa6ZWGgJW2XCW6O0ASvZUiezIK900ZicinTDtG3kAO2kon7oUA/ReWmpW2FByxg=="
    },
    "markdown-it@14.1.1": {
      "integrity": "sha512-BuU2qnTti9YKgK5N+IeMubp14ZUKUUw7yeJbkjtosvHiP0AZ5c8IAgEMk79D0eC8F23r4Ac/q8cAIFdm2FtyoA==",
      "dependencies": [
        "argparse",
        "entities",
        "linkify-it",
        "mdurl",
        "punycode.js",
        "uc.micro"
      ],
      "bin": true
    },
    "marked@16.4.2": {
      "integrity": "sha512-TI3V8YYWvkVf3KJe1dRkpnjs68JUPyEa5vjKrp1XEEJUAOaQc+Qj+L1qWbPd0SJuAdQkFU0h73sXXqwDYxsiDA==",
      "bin": true
    },
    "mdurl@2.0.0": {
      "integrity": "sha512-Lf+9+2r+Tdp5wXDXC4PcIBjTDtq4UKjCPMQhKIuzpJNW0b96kVqSwW0bT7FhRSfmAiFYgP+SCRvdrDozfh0U5w=="
    },
    "mermaid@11.13.0_cytoscape@3.33.1": {
      "integrity": "sha512-fEnci+Immw6lKMFI8sqzjlATTyjLkRa6axrEgLV2yHTfv8r+h1wjFbV6xeRtd4rUV1cS4EpR9rwp3Rci7TRWDw==",
      "dependencies": [
        "@braintree/sanitize-url",
        "@iconify/utils",
        "@mermaid-js/parser",
        "@types/d3",
        "@upsetjs/venn.js",
        "cytoscape",
        "cytoscape-cose-bilkent",
        "cytoscape-fcose",
        "d3",
        "d3-sankey",
        "dagre-d3-es",
        "dayjs",
        "dompurify",
        "katex",
        "khroma",
        "lodash-es",
        "marked",
        "roughjs",
        "stylis",
        "ts-dedent",
        "uuid"
      ]
    },
    "mlly@1.8.1": {
      "integrity": "sha512-SnL6sNutTwRWWR/vcmCYHSADjiEesp5TGQQ0pXyLhW5IoeibRlF/CbSLailbB3CNqJUk9cVJ9dUDnbD7GrcHBQ==",
      "dependencies": [
        "acorn",
        "pathe",
        "pkg-types",
        "ufo"
      ]
    },
    "package-manager-detector@1.6.0": {
      "integrity": "sha512-61A5ThoTiDG/C8s8UMZwSorAGwMJ0ERVGj2OjoW5pAalsNOg15+iQiPzrLJ4jhZ1HJzmC2PIHT2oEiH3R5fzNA=="
    },
    "path-data-parser@0.1.0": {
      "integrity": "sha512-NOnmBpt5Y2RWbuv0LMzsayp3lVylAHLPUTut412ZA3l+C4uw4ZVkQbjShYCQ8TCpUMdPapr4YjUqLYD6v68j+w=="
    },
    "pathe@2.0.3": {
      "integrity": "sha512-WUjGcAqP1gQacoQe+OBJsFA7Ld4DyXuUIjZ5cc75cLHvJ7dtNsTugphxIADwspS+AraAUePCKrSVtPLFj/F88w=="
    },
    "pkg-types@1.3.1": {
      "integrity": "sha512-/Jm5M4RvtBFVkKWRu2BLUTNP8/M2a+UwuAX+ae4770q1qVGtfjG+WTCupoZixokjmHiry8uI+dlY8KXYV5HVVQ==",
      "dependencies": [
        "confbox",
        "mlly",
        "pathe"
      ]
    },
    "points-on-curve@0.2.0": {
      "integrity": "sha512-0mYKnYYe9ZcqMCWhUjItv/oHjvgEsfKvnUTg8sAtnHr3GVy7rGkXCb6d5cSyqrWqL4k81b9CPg3urd+T7aop3A=="
    },
    "points-on-path@0.2.1": {
      "integrity": "sha512-25ClnWWuw7JbWZcgqY/gJ4FQWadKxGWk+3kR/7kD0tCaDtPPMj7oHu2ToLaVhfpnHrZzYby2w6tUA0eOIuUg8g==",
      "dependencies": [
        "path-data-parser",
        "points-on-curve"
      ]
    },
    "punycode.js@2.3.1": {
      "integrity": "sha512-uxFIHU0YlHYhDQtV4R9J6a52SLx28BCjT+4ieh7IGbgwVJWO+km431c4yRlREUAsAmt/uMjQUyQHNEPf0M39CA=="
    },
    "robust-predicates@3.0.2": {
      "integrity": "sha512-IXgzBWvWQwE6PrDI05OvmXUIruQTcoMDzRsOd5CDvHCVLcLHMTSYvOK5Cm46kWqlV3yAbuSpBZdJ5oP5OUoStg=="
    },
    "roughjs@4.6.6": {
      "integrity": "sha512-ZUz/69+SYpFN/g/lUlo2FXcIjRkSu3nDarreVdGGndHEBJ6cXPdKguS8JGxwj5HA5xIbVKSmLgr5b3AWxtRfvQ==",
      "dependencies": [
        "hachure-fill",
        "path-data-parser",
        "points-on-curve",
        "points-on-path"
      ]
    },
    "rw@1.3.3": {
      "integrity": "sha512-PdhdWy89SiZogBLaw42zdeqtRJ//zFd2PgQavcICDUgJT5oW10QCRKbJ6bg4r0/UY2M6BWd5tkxuGFRvCkgfHQ=="
    },
    "safer-buffer@2.1.2": {
      "integrity": "sha512-YZo3K82SD7Riyi0E1EQPojLz7kpepnSQI9IyPbHHg1XXXevb5dJI7tpyN2ADxGcQbHG7vcyRHk0cbwqcQriUtg=="
    },
    "stylis@4.3.6": {
      "integrity": "sha512-yQ3rwFWRfwNUY7H5vpU0wfdkNSnvnJinhF9830Swlaxl03zsOjCfmX0ugac+3LtK0lYSgwL/KXc8oYL3mG4YFQ=="
    },
    "tinyexec@1.0.2": {
      "integrity": "sha512-W/KYk+NFhkmsYpuHq5JykngiOCnxeVL8v8dFnqxSD8qEEdRfXk1SDM6JzNqcERbcGYj9tMrDQBYV9cjgnunFIg=="
    },
    "ts-dedent@2.2.0": {
      "integrity": "sha512-q5W7tVM71e2xjHZTlgfTDoPF/SmqKG5hddq9SzR49CH2hayqRKJtQ4mtRlSxKaJlR/+9rEM+mnBHf7I2/BQcpQ=="
    },
    "uc.micro@2.1.0": {
      "integrity": "sha512-ARDJmphmdvUk6Glw7y9DQ2bFkKBHwQHLi2lsaH6PPmz/Ka9sFOBsBluozhDltWmnv9u/cF6Rt87znRTPV+yp/A=="
    },
    "ufo@1.6.3": {
      "integrity": "sha512-yDJTmhydvl5lJzBmy/hyOAA0d+aqCBuwl818haVdYCRrWV84o7YyeVm4QlVHStqNrrJSTb6jKuFAVqAFsr+K3Q=="
    },
    "undici-types@7.10.0": {
      "integrity": "sha512-t5Fy/nfn+14LuOc2KNYg75vZqClpAiqscVvMygNnlsHBFpSXdJaYtXMcdNLpl/Qvc3P2cB3s6lOV51nqsFq4ag=="
    },
    "uuid@11.1.0": {
      "integrity": "sha512-0/A9rDy9P7cJ+8w1c9WD9V//9Wj15Ce2MPz8Ri6032usz+NfePxx5AcN3bN+r6ZL6jEo066/yNYB3tn4pQEx+A==",
      "bin": true
    },
    "vscode-jsonrpc@8.2.0": {
      "integrity": "sha512-C+r0eKJUIfiDIfwJhria30+TYWPtuHJXHtI7J0YlOmKAo7ogxP20T0zxB7HZQIFhIyvoBPwWskjxrvAtfjyZfA=="
    },
    "vscode-languageserver-protocol@3.17.5": {
      "integrity": "sha512-mb1bvRJN8SVznADSGWM9u/b07H7Ecg0I3OgXDuLdn307rl/J3A9YD6/eYOssqhecL27hK1IPZAsaqh00i/Jljg==",
      "dependencies": [
        "vscode-jsonrpc",
        "vscode-languageserver-types"
      ]
    },
    "vscode-languageserver-textdocument@1.0.12": {
      "integrity": "sha512-cxWNPesCnQCcMPeenjKKsOCKQZ/L6Tv19DTRIGuLWe32lyzWhihGVJ/rcckZXJxfdKCFvRLS3fpBIsV/ZGX4zA=="
    },
    "vscode-languageserver-types@3.17.5": {
      "integrity": "sha512-Ld1VelNuX9pdF39h2Hgaeb5hEZM2Z3jUrrMgWQAu82jMtZp7p3vJT3BzToKtZI7NgQssZje5o0zryOrhQvzQAg=="
    },
    "vscode-languageserver@9.0.1": {
      "integrity": "sha512-woByF3PDpkHFUreUa7Hos7+pUWdeWMXRd26+ZX2A8cFx6v/JPTtd4/uN0/jB6XQHYaOlHbio03NTHCqrgG5n7g==",
      "dependencies": [
        "vscode-languageserver-protocol"
      ],
      "bin": true
    },
    "vscode-uri@3.1.0": {
      "integrity": "sha512-/BpdSx+yCQGnCvecbyXdxHDkuk55/G3xwnC0GqY4gmQ3j+A+g8kzzgB4Nk/SINjqn6+waqw3EgbVF2QKExkRxQ=="
    }
  },
  "workspace": {
    "members": {
      "examples/bare": {
        "dependencies": [
          "jsr:@hono/hono@^4.10.7",
          "jsr:@simpesys/core@*"
        ]
      },
      "examples/homepage": {
        "dependencies": [
          "jsr:@hono/hono@4",
          "jsr:@simpesys/core@*"
        ]
      },
      "packages/app-bare": {
        "dependencies": [
          "jsr:@simpesys/core@0.6"
        ]
      },
      "packages/app-wiki": {
        "dependencies": [
          "jsr:@hono/hono@4",
          "jsr:@simpesys/core@0.6"
        ]
      },
      "packages/cli": {
        "dependencies": [
          "jsr:@cliffy/command@^1.0.0-rc.7",
          "jsr:@simpesys/core@0.6",
          "jsr:@std/fs@1",
          "jsr:@std/path@1",
          "npm:es-toolkit@1"
        ]
      },
      "packages/core": {
        "dependencies": [
          "jsr:@std/encoding@^1.0.10",
          "jsr:@std/expect@^1.0.17",
          "jsr:@std/path@^1.0.8",
          "jsr:@std/testing@^1.0.16",
          "npm:@markslides/markdown-it-mermaid@~0.3.6",
          "npm:dayjs@^1.11.13",
          "npm:denque@^2.1.0",
          "npm:es-toolkit@^1.43.0",
          "npm:highlight.js@^11.11.1",
          "npm:katex@~0.16.22",
          "npm:markdown-it-anchor@^9.2.0",
          "npm:markdown-it-container@4",
          "npm:markdown-it-emoji@3",
          "npm:markdown-it-external-links@0.0.6",
          "npm:markdown-it-footnote@4",
          "npm:markdown-it-imsize@^2.0.1",
          "npm:markdown-it-inline-comments@^1.0.1",
          "npm:markdown-it-table-of-contents@0.8",
          "npm:markdown-it-task-checkbox@^1.0.6",
          "npm:markdown-it-texmath@1",
          "npm:markdown-it@^14.1.0"
        ]
      },
      "packages/lsp": {
        "dependencies": [
          "jsr:@std/expect@^1.0.17",
          "jsr:@std/path@^1.0.8",
          "jsr:@std/testing@^1.0.16",
          "npm:vscode-languageserver-textdocument@^1.0.12",
          "npm:vscode-languageserver@^9.0.1"
        ]
      }
    }
  }
}
